
Microsoft Visual Studio Solution File, Format Version 12.00
# Visual Studio Version 17
VisualStudioVersion = 17.4.33205.214
MinimumVisualStudioVersion = 10.0.40219.1
Project("{FAE04EC0-301F-11D3-BF4B-00C04F79EFBC}") = "projet docteur", "projet docteur\projet docteur.csproj", "{2733A578-C503-4F17-A9FC-870B0874730F}"
EndProject
Global
	GlobalSection(SolutionConfigurationPlatforms) = preSolution
		Debug|Any CPU = Debug|Any CPU
		Release|Any CPU = Release|Any CPU
	EndGlobalSection
	GlobalSection(ProjectConfigurationPlatforms) = postSolution
		{2733A578-C503-4F17-A9FC-870B0874730F}.Debug|Any CPU.ActiveCfg = Debug|Any CPU
		{2733A578-C503-4F17-A9FC-870B0874730F}.Debug|Any CPU.Build.0 = Debug|Any CPU
		{2733A578-C503-4F17-A9FC-870B0874730F}.Release|Any CPU.ActiveCfg = Release|Any CPU
		{2733A578-C503-4F17-A9FC-870B0874730F}.Release|Any CPU.Build.0 = Release|Any CPU
	EndGlobalSection
	GlobalSection(SolutionProperties) = preSolution
		HideSolutionNode = FALSE
	EndGlobalSection
	GlobalSection(ExtensibilityGlobals) = postSolution
		SolutionGuid = {132FBA88-D07B-4245-80F3-B46E6920CA82}
	EndGlobalSection
EndGlobal
